
Microsoft Visual Studio Solution File, Format Version 12.00
# Visual Studio 2012
Project("{FAE04EC0-301F-11D3-BF4B-00C04F79EFBC}") = "MIRLE_GPLC", "MIRLE_GPLC\MIRLE_GPLC.csproj", "{6B6B27B4-4EC1-4FB8-9BC6-D19C6EC7ADA2}"
EndProject
Project("{2150E333-8FDC-42A3-9474-1A3956D46DE8}") = "GPLC", "GPLC", "{75157C0A-1E5A-459E-B94A-A9E6461E564A}"
EndProject
Project("{FAE04EC0-301F-11D3-BF4B-00C04F79EFBC}") = "MIRLE_GPLC.Model", "MIRLE_GPLC.Model\MIRLE_GPLC.Model.csproj", "{5959DAED-701A-42FB-B3ED-2257EF5693C9}"
EndProject
Project("{2150E333-8FDC-42A3-9474-1A3956D46DE8}") = "SuperContextMenu", "SuperContextMenu", "{3AFCEA00-0239-48BD-A368-685F04EDE272}"
EndProject
Project("{FAE04EC0-301F-11D3-BF4B-00C04F79EFBC}") = "SuperContextMenu", "SuperContextMenu\SuperContextMenu.csproj", "{A04A0762-6790-40A2-8883-722FEBFF8BF2}"
EndProject
Project("{2150E333-8FDC-42A3-9474-1A3956D46DE8}") = ".nuget", ".nuget", "{E2D7EBA0-D0DB-4511-A051-EE54215DD3AF}"
	ProjectSection(SolutionItems) = preProject
		.nuget\NuGet.Config = .nuget\NuGet.Config
		.nuget\NuGet.exe = .nuget\NuGet.exe
		.nuget\NuGet.targets = .nuget\NuGet.targets
	EndProjectSection
EndProject
Project("{FAE04EC0-301F-11D3-BF4B-00C04F79EFBC}") = "MIRLE_GPLC.Security", "MIRLE_GPLC.Security\MIRLE_GPLC.Security.csproj", "{7A390CFE-D761-414F-98FB-2F40FFD72A06}"
EndProject
Project("{2150E333-8FDC-42A3-9474-1A3956D46DE8}") = "DB", "DB", "{E19DD183-D2CD-4AEC-8C6B-D037F72AAEB2}"
EndProject
Project("{FAE04EC0-301F-11D3-BF4B-00C04F79EFBC}") = "SQLiteDBMS", "SQLiteDBMS\SQLiteDBMS.csproj", "{C0D6D150-B314-4471-AA12-D6A75D79ABA7}"
EndProject
Project("{FAE04EC0-301F-11D3-BF4B-00C04F79EFBC}") = "UnitTestProject", "UnitTestProject\UnitTestProject.csproj", "{5D8341A9-9029-4345-BAFF-65047222F339}"
EndProject
Global
	GlobalSection(SolutionConfigurationPlatforms) = preSolution
		Debug|Any CPU = Debug|Any CPU
		Debug|x86 = Debug|x86
		Release|Any CPU = Release|Any CPU
		Release|x86 = Release|x86
	EndGlobalSection
	GlobalSection(ProjectConfigurationPlatforms) = postSolution
		{6B6B27B4-4EC1-4FB8-9BC6-D19C6EC7ADA2}.Debug|Any CPU.ActiveCfg = Debug|Any CPU
		{6B6B27B4-4EC1-4FB8-9BC6-D19C6EC7ADA2}.Debug|Any CPU.Build.0 = Debug|Any CPU
		{6B6B27B4-4EC1-4FB8-9BC6-D19C6EC7ADA2}.Debug|x86.ActiveCfg = Debug|x86
		{6B6B27B4-4EC1-4FB8-9BC6-D19C6EC7ADA2}.Debug|x86.Build.0 = Debug|x86
		{6B6B27B4-4EC1-4FB8-9BC6-D19C6EC7ADA2}.Release|Any CPU.ActiveCfg = Release|Any CPU
		{6B6B27B4-4EC1-4FB8-9BC6-D19C6EC7ADA2}.Release|Any CPU.Build.0 = Release|Any CPU
		{6B6B27B4-4EC1-4FB8-9BC6-D19C6EC7ADA2}.Release|x86.ActiveCfg = Release|x86
		{6B6B27B4-4EC1-4FB8-9BC6-D19C6EC7ADA2}.Release|x86.Build.0 = Release|x86
		{5959DAED-701A-42FB-B3ED-2257EF5693C9}.Debug|Any CPU.ActiveCfg = Debug|Any CPU
		{5959DAED-701A-42FB-B3ED-2257EF5693C9}.Debug|Any CPU.Build.0 = Debug|Any CPU
		{5959DAED-701A-42FB-B3ED-2257EF5693C9}.Debug|x86.ActiveCfg = Debug|x86
		{5959DAED-701A-42FB-B3ED-2257EF5693C9}.Debug|x86.Build.0 = Debug|x86
		{5959DAED-701A-42FB-B3ED-2257EF5693C9}.Release|Any CPU.ActiveCfg = Release|Any CPU
		{5959DAED-701A-42FB-B3ED-2257EF5693C9}.Release|Any CPU.Build.0 = Release|Any CPU
		{5959DAED-701A-42FB-B3ED-2257EF5693C9}.Release|x86.ActiveCfg = Release|x86
		{5959DAED-701A-42FB-B3ED-2257EF5693C9}.Release|x86.Build.0 = Release|x86
		{A04A0762-6790-40A2-8883-722FEBFF8BF2}.Debug|Any CPU.ActiveCfg = Debug|Any CPU
		{A04A0762-6790-40A2-8883-722FEBFF8BF2}.Debug|Any CPU.Build.0 = Debug|Any CPU
		{A04A0762-6790-40A2-8883-722FEBFF8BF2}.Debug|x86.ActiveCfg = Debug|Any CPU
		{A04A0762-6790-40A2-8883-722FEBFF8BF2}.Release|Any CPU.ActiveCfg = Release|Any CPU
		{A04A0762-6790-40A2-8883-722FEBFF8BF2}.Release|Any CPU.Build.0 = Release|Any CPU
		{A04A0762-6790-40A2-8883-722FEBFF8BF2}.Release|x86.ActiveCfg = Release|Any CPU
		{7A390CFE-D761-414F-98FB-2F40FFD72A06}.Debug|Any CPU.ActiveCfg = Debug|Any CPU
		{7A390CFE-D761-414F-98FB-2F40FFD72A06}.Debug|Any CPU.Build.0 = Debug|Any CPU
		{7A390CFE-D761-414F-98FB-2F40FFD72A06}.Debug|x86.ActiveCfg = Debug|Any CPU
		{7A390CFE-D761-414F-98FB-2F40FFD72A06}.Release|Any CPU.ActiveCfg = Release|Any CPU
		{7A390CFE-D761-414F-98FB-2F40FFD72A06}.Release|Any CPU.Build.0 = Release|Any CPU
		{7A390CFE-D761-414F-98FB-2F40FFD72A06}.Release|x86.ActiveCfg = Release|Any CPU
		{C0D6D150-B314-4471-AA12-D6A75D79ABA7}.Debug|Any CPU.ActiveCfg = Debug|Any CPU
		{C0D6D150-B314-4471-AA12-D6A75D79ABA7}.Debug|Any CPU.Build.0 = Debug|Any CPU
		{C0D6D150-B314-4471-AA12-D6A75D79ABA7}.Debug|x86.ActiveCfg = Debug|Any CPU
		{C0D6D150-B314-4471-AA12-D6A75D79ABA7}.Release|Any CPU.ActiveCfg = Release|Any CPU
		{C0D6D150-B314-4471-AA12-D6A75D79ABA7}.Release|Any CPU.Build.0 = Release|Any CPU
		{C0D6D150-B314-4471-AA12-D6A75D79ABA7}.Release|x86.ActiveCfg = Release|Any CPU
		{5D8341A9-9029-4345-BAFF-65047222F339}.Debug|Any CPU.ActiveCfg = Debug|Any CPU
		{5D8341A9-9029-4345-BAFF-65047222F339}.Debug|Any CPU.Build.0 = Debug|Any CPU
		{5D8341A9-9029-4345-BAFF-65047222F339}.Debug|x86.ActiveCfg = Debug|Any CPU
		{5D8341A9-9029-4345-BAFF-65047222F339}.Release|Any CPU.ActiveCfg = Release|Any CPU
		{5D8341A9-9029-4345-BAFF-65047222F339}.Release|Any CPU.Build.0 = Release|Any CPU
		{5D8341A9-9029-4345-BAFF-65047222F339}.Release|x86.ActiveCfg = Release|Any CPU
	EndGlobalSection
	GlobalSection(SolutionProperties) = preSolution
		HideSolutionNode = FALSE
	EndGlobalSection
	GlobalSection(NestedProjects) = preSolution
		{6B6B27B4-4EC1-4FB8-9BC6-D19C6EC7ADA2} = {75157C0A-1E5A-459E-B94A-A9E6461E564A}
		{5959DAED-701A-42FB-B3ED-2257EF5693C9} = {75157C0A-1E5A-459E-B94A-A9E6461E564A}
		{7A390CFE-D761-414F-98FB-2F40FFD72A06} = {75157C0A-1E5A-459E-B94A-A9E6461E564A}
		{5D8341A9-9029-4345-BAFF-65047222F339} = {75157C0A-1E5A-459E-B94A-A9E6461E564A}
		{A04A0762-6790-40A2-8883-722FEBFF8BF2} = {3AFCEA00-0239-48BD-A368-685F04EDE272}
		{C0D6D150-B314-4471-AA12-D6A75D79ABA7} = {E19DD183-D2CD-4AEC-8C6B-D037F72AAEB2}
	EndGlobalSection
EndGlobal
